
Microsoft Visual Studio Solution File, Format Version 12.00
# Visual Studio Version 17
VisualStudioVersion = 17.10.34916.146
MinimumVisualStudioVersion = 10.0.40219.1
Project("{FAE04EC0-301F-11D3-BF4B-00C04F79EFBC}") = "repetition2", "repetition2.csproj", "{D569DA12-A8D5-4C56-BF3D-6F3880C57AAE}"
EndProject
Global
	GlobalSection(SolutionConfigurationPlatforms) = preSolution
		Debug|Any CPU = Debug|Any CPU
		Release|Any CPU = Release|Any CPU
	EndGlobalSection
	GlobalSection(ProjectConfigurationPlatforms) = postSolution
		{D569DA12-A8D5-4C56-BF3D-6F3880C57AAE}.Debug|Any CPU.ActiveCfg = Debug|Any CPU
		{D569DA12-A8D5-4C56-BF3D-6F3880C57AAE}.Debug|Any CPU.Build.0 = Debug|Any CPU
		{D569DA12-A8D5-4C56-BF3D-6F3880C57AAE}.Release|Any CPU.ActiveCfg = Release|Any CPU
		{D569DA12-A8D5-4C56-BF3D-6F3880C57AAE}.Release|Any CPU.Build.0 = Release|Any CPU
	EndGlobalSection
	GlobalSection(SolutionProperties) = preSolution
		HideSolutionNode = FALSE
	EndGlobalSection
	GlobalSection(ExtensibilityGlobals) = postSolution
		SolutionGuid = {C145C33E-D24D-43E2-9107-BF479928A1BA}
	EndGlobalSection
EndGlobal
